
Microsoft Visual Studio Solution File, Format Version 12.00
# Visual Studio Version 17
VisualStudioVersion = 17.8.34408.163
MinimumVisualStudioVersion = 10.0.40219.1
Project("{888888A0-9F3D-457C-B088-3A5042F75D52}") = "WikiWooW", "WikiWooW.pyproj", "{200D8813-A978-4B0A-99C9-285AEC441100}"
EndProject
Global
	GlobalSection(SolutionConfigurationPlatforms) = preSolution
		Debug|Any CPU = Debug|Any CPU
		Release|Any CPU = Release|Any CPU
	EndGlobalSection
	GlobalSection(ProjectConfigurationPlatforms) = postSolution
		{200D8813-A978-4B0A-99C9-285AEC441100}.Debug|Any CPU.ActiveCfg = Debug|Any CPU
		{200D8813-A978-4B0A-99C9-285AEC441100}.Release|Any CPU.ActiveCfg = Release|Any CPU
	EndGlobalSection
	GlobalSection(SolutionProperties) = preSolution
		HideSolutionNode = FALSE
	EndGlobalSection
	GlobalSection(ExtensibilityGlobals) = postSolution
		SolutionGuid = {70BDF855-BD93-4F65-AF1D-1BAF72933E45}
	EndGlobalSection
EndGlobal
